
Microsoft Visual Studio Solution File, Format Version 12.00
# Visual Studio 15
VisualStudioVersion = 15.0.27703.1
MinimumVisualStudioVersion = 10.0.40219.1
Project("{FAE04EC0-301F-11D3-BF4B-00C04F79EFBC}") = "NanoComposite", "NanoComposite\NanoComposite.csproj", "{E14626CA-84A1-41C8-87CF-1A6C54544230}"
EndProject
Global
	GlobalSection(SolutionConfigurationPlatforms) = preSolution
		Debug|Any CPU = Debug|Any CPU
		Release|Any CPU = Release|Any CPU
	EndGlobalSection
	GlobalSection(ProjectConfigurationPlatforms) = postSolution
		{E14626CA-84A1-41C8-87CF-1A6C54544230}.Debug|Any CPU.ActiveCfg = Debug|Any CPU
		{E14626CA-84A1-41C8-87CF-1A6C54544230}.Debug|Any CPU.Build.0 = Debug|Any CPU
		{E14626CA-84A1-41C8-87CF-1A6C54544230}.Release|Any CPU.ActiveCfg = Release|Any CPU
		{E14626CA-84A1-41C8-87CF-1A6C54544230}.Release|Any CPU.Build.0 = Release|Any CPU
	EndGlobalSection
	GlobalSection(SolutionProperties) = preSolution
		HideSolutionNode = FALSE
	EndGlobalSection
	GlobalSection(ExtensibilityGlobals) = postSolution
		SolutionGuid = {20F56DC2-4B27-4EF0-982B-9F33E0A55B96}
	EndGlobalSection
EndGlobal
